Microsoft Visual Studio Solution File, Format Version 12.00
# Visual Studio Version 17
VisualStudioVersion = 17.5.2.0
MinimumVisualStudioVersion = 10.0.40219.1
Project("{FAE04EC0-301F-11D3-BF4B-00C04F79EFBC}") = "MagicEngineer", "MagicEngineer.csproj", "{D50DB76C-CFA7-1DB2-3BE2-0382F588C59F}"
EndProject
Global
	GlobalSection(SolutionConfigurationPlatforms) = preSolution
		Debug|Any CPU = Debug|Any CPU
		Release|Any CPU = Release|Any CPU
	EndGlobalSection
	GlobalSection(ProjectConfigurationPlatforms) = postSolution
		{D50DB76C-CFA7-1DB2-3BE2-0382F588C59F}.Debug|Any CPU.ActiveCfg = Debug|Any CPU
		{D50DB76C-CFA7-1DB2-3BE2-0382F588C59F}.Debug|Any CPU.Build.0 = Debug|Any CPU
		{D50DB76C-CFA7-1DB2-3BE2-0382F588C59F}.Release|Any CPU.ActiveCfg = Release|Any CPU
		{D50DB76C-CFA7-1DB2-3BE2-0382F588C59F}.Release|Any CPU.Build.0 = Release|Any CPU
	EndGlobalSection
	GlobalSection(SolutionProperties) = preSolution
		HideSolutionNode = FALSE
	EndGlobalSection
	GlobalSection(ExtensibilityGlobals) = postSolution
		SolutionGuid = {FCDE2B8F-1009-4E09-9784-E0C186A8FC96}
	EndGlobalSection
EndGlobal
